
Microsoft Visual Studio Solution File, Format Version 12.00
# Visual Studio Version 16
VisualStudioVersion = 16.0.30523.141
MinimumVisualStudioVersion = 10.0.40219.1
Project("{FAE04EC0-301F-11D3-BF4B-00C04F79EFBC}") = "WinformsComponents_FinalForm", "WinformsComponents_FinalForm\WinformsComponents_FinalForm.csproj", "{7C4D2976-C9F2-4076-AFB1-E430ACACEEFF}"
EndProject
Global
	GlobalSection(SolutionConfigurationPlatforms) = preSolution
		Debug|Any CPU = Debug|Any CPU
		Release|Any CPU = Release|Any CPU
	EndGlobalSection
	GlobalSection(ProjectConfigurationPlatforms) = postSolution
		{7C4D2976-C9F2-4076-AFB1-E430ACACEEFF}.Debug|Any CPU.ActiveCfg = Debug|Any CPU
		{7C4D2976-C9F2-4076-AFB1-E430ACACEEFF}.Debug|Any CPU.Build.0 = Debug|Any CPU
		{7C4D2976-C9F2-4076-AFB1-E430ACACEEFF}.Release|Any CPU.ActiveCfg = Release|Any CPU
		{7C4D2976-C9F2-4076-AFB1-E430ACACEEFF}.Release|Any CPU.Build.0 = Release|Any CPU
	EndGlobalSection
	GlobalSection(SolutionProperties) = preSolution
		HideSolutionNode = FALSE
	EndGlobalSection
	GlobalSection(ExtensibilityGlobals) = postSolution
		SolutionGuid = {A071B38E-337A-4752-B41F-0DA37BA0BAFD}
	EndGlobalSection
EndGlobal
